PODS:
  - Flutter (1.0.0)
  - flutter_smart_reply (0.0.1):
    - Flutter

DEPENDENCIES:
  - Flutter (from `Flutter`)
  - flutter_smart_reply (from `.symlinks/plugins/flutter_smart_reply/ios`)

EXTERNAL SOURCES:
  Flutter:
    :path: Flutter
  flutter_smart_reply:
    :path: ".symlinks/plugins/flutter_smart_reply/ios"

SPEC CHECKSUMS:
  Flutter: 0e3d915762c693b495b44d77113d4970485de6ec
  flutter_smart_reply: b4343656a22a73ad2a92639dd3544c280fe7eb49

PODFILE CHECKSUM: aafe91acc616949ddb318b77800a7f51bffa2a4c

COCOAPODS: 1.8.4
